Microsoft Visual Studio Solution File, Format Version 12.00
# Visual Studio Version 17
VisualStudioVersion = 17.5.2.0
MinimumVisualStudioVersion = 10.0.40219.1
Project("{2150E333-8FDC-42A3-9474-1A3956D46DE8}") = "dotnet", "dotnet", "{71E6E750-85FD-B5BC-4321-E01377EC6231}"
EndProject
Project("{2150E333-8FDC-42A3-9474-1A3956D46DE8}") = "tools", "tools", "{5F9253F8-6A26-8541-9029-DED35F15FE22}"
EndProject
Project("{FAE04EC0-301F-11D3-BF4B-00C04F79EFBC}") = "OFDCompose.CorpusDocxGenerator", "dotnet\tools\OFDCompose.CorpusDocxGenerator\OFDCompose.CorpusDocxGenerator.csproj", "{8B6FC033-46C7-804A-99CF-C53CDBBCCA47}"
EndProject
Project("{FAE04EC0-301F-11D3-BF4B-00C04F79EFBC}") = "OFDCompose.DocxScanner", "dotnet\tools\OFDCompose.DocxScanner\OFDCompose.DocxScanner.csproj", "{C99E3643-1DFD-D54A-5FE3-0FDA4EACE2B5}"
EndProject
Project("{2150E333-8FDC-42A3-9474-1A3956D46DE8}") = "tests", "tests", "{13AACEBB-5F00-79C1-2D14-6EA8B5DDD1FE}"
EndProject
Project("{FAE04EC0-301F-11D3-BF4B-00C04F79EFBC}") = "OFDCompose.SmokeTests", "dotnet\tests\OFDCompose.SmokeTests\OFDCompose.SmokeTests.csproj", "{618EBB19-8112-9072-589F-E3165CB457FC}"
EndProject
Project("{FAE04EC0-301F-11D3-BF4B-00C04F79EFBC}") = "OFDCompose.DocxScanner.Tests", "dotnet\tests\OFDCompose.DocxScanner.Tests\OFDCompose.DocxScanner.Tests.csproj", "{C696C9D2-558B-2EE0-404B-B6CE80C13598}"
EndProject
Project("{2150E333-8FDC-42A3-9474-1A3956D46DE8}") = "src", "src", "{D90AB541-7400-80B1-A0B4-F58D0D439F55}"
EndProject
Project("{FAE04EC0-301F-11D3-BF4B-00C04F79EFBC}") = "OFDCompose.Api", "dotnet\src\OFDCompose.Api\OFDCompose.Api.csproj", "{204E4BBA-87D8-46B0-5D27-FD8345A1874F}"
EndProject
Project("{FAE04EC0-301F-11D3-BF4B-00C04F79EFBC}") = "OFDCompose.OfdIrWriter", "dotnet\src\OFDCompose.OfdIrWriter\OFDCompose.OfdIrWriter.csproj", "{E928DA3B-DADF-48B3-07B4-CAEAC4300C4F}"
EndProject
Project("{FAE04EC0-301F-11D3-BF4B-00C04F79EFBC}") = "OFDCompose.Containers", "dotnet\src\OFDCompose.Containers\OFDCompose.Containers.csproj", "{7EED5E1F-68E0-C974-96BA-BB1459E3E658}"
EndProject
Project("{FAE04EC0-301F-11D3-BF4B-00C04F79EFBC}") = "OFDCompose.ClientSdk", "dotnet\src\OFDCompose.ClientSdk\OFDCompose.ClientSdk.csproj", "{342B0C5E-0A45-1D22-5DF5-D35B8F288486}"
EndProject
Project("{FAE04EC0-301F-11D3-BF4B-00C04F79EFBC}") = "OFDCompose.PdfIrWriter", "dotnet\src\OFDCompose.PdfIrWriter\OFDCompose.PdfIrWriter.csproj", "{ECD7F03D-071F-CB66-4683-1D9EF12A6E10}"
EndProject
Global
	GlobalSection(SolutionConfigurationPlatforms) = preSolution
		Debug|Any CPU = Debug|Any CPU
		Release|Any CPU = Release|Any CPU
	EndGlobalSection
	GlobalSection(ProjectConfigurationPlatforms) = postSolution
		{8B6FC033-46C7-804A-99CF-C53CDBBCCA47}.Debug|Any CPU.ActiveCfg = Debug|Any CPU
		{8B6FC033-46C7-804A-99CF-C53CDBBCCA47}.Debug|Any CPU.Build.0 = Debug|Any CPU
		{8B6FC033-46C7-804A-99CF-C53CDBBCCA47}.Release|Any CPU.ActiveCfg = Release|Any CPU
		{8B6FC033-46C7-804A-99CF-C53CDBBCCA47}.Release|Any CPU.Build.0 = Release|Any CPU
		{C99E3643-1DFD-D54A-5FE3-0FDA4EACE2B5}.Debug|Any CPU.ActiveCfg = Debug|Any CPU
		{C99E3643-1DFD-D54A-5FE3-0FDA4EACE2B5}.Debug|Any CPU.Build.0 = Debug|Any CPU
		{C99E3643-1DFD-D54A-5FE3-0FDA4EACE2B5}.Release|Any CPU.ActiveCfg = Release|Any CPU
		{C99E3643-1DFD-D54A-5FE3-0FDA4EACE2B5}.Release|Any CPU.Build.0 = Release|Any CPU
		{618EBB19-8112-9072-589F-E3165CB457FC}.Debug|Any CPU.ActiveCfg = Debug|Any CPU
		{618EBB19-8112-9072-589F-E3165CB457FC}.Debug|Any CPU.Build.0 = Debug|Any CPU
		{618EBB19-8112-9072-589F-E3165CB457FC}.Release|Any CPU.ActiveCfg = Release|Any CPU
		{618EBB19-8112-9072-589F-E3165CB457FC}.Release|Any CPU.Build.0 = Release|Any CPU
		{C696C9D2-558B-2EE0-404B-B6CE80C13598}.Debug|Any CPU.ActiveCfg = Debug|Any CPU
		{C696C9D2-558B-2EE0-404B-B6CE80C13598}.Debug|Any CPU.Build.0 = Debug|Any CPU
		{C696C9D2-558B-2EE0-404B-B6CE80C13598}.Release|Any CPU.ActiveCfg = Release|Any CPU
		{C696C9D2-558B-2EE0-404B-B6CE80C13598}.Release|Any CPU.Build.0 = Release|Any CPU
		{204E4BBA-87D8-46B0-5D27-FD8345A1874F}.Debug|Any CPU.ActiveCfg = Debug|Any CPU
		{204E4BBA-87D8-46B0-5D27-FD8345A1874F}.Debug|Any CPU.Build.0 = Debug|Any CPU
		{204E4BBA-87D8-46B0-5D27-FD8345A1874F}.Release|Any CPU.ActiveCfg = Release|Any CPU
		{204E4BBA-87D8-46B0-5D27-FD8345A1874F}.Release|Any CPU.Build.0 = Release|Any CPU
		{E928DA3B-DADF-48B3-07B4-CAEAC4300C4F}.Debug|Any CPU.ActiveCfg = Debug|Any CPU
		{E928DA3B-DADF-48B3-07B4-CAEAC4300C4F}.Debug|Any CPU.Build.0 = Debug|Any CPU
		{E928DA3B-DADF-48B3-07B4-CAEAC4300C4F}.Release|Any CPU.ActiveCfg = Release|Any CPU
		{E928DA3B-DADF-48B3-07B4-CAEAC4300C4F}.Release|Any CPU.Build.0 = Release|Any CPU
		{7EED5E1F-68E0-C974-96BA-BB1459E3E658}.Debug|Any CPU.ActiveCfg = Debug|Any CPU
		{7EED5E1F-68E0-C974-96BA-BB1459E3E658}.Debug|Any CPU.Build.0 = Debug|Any CPU
		{7EED5E1F-68E0-C974-96BA-BB1459E3E658}.Release|Any CPU.ActiveCfg = Release|Any CPU
		{7EED5E1F-68E0-C974-96BA-BB1459E3E658}.Release|Any CPU.Build.0 = Release|Any CPU
		{342B0C5E-0A45-1D22-5DF5-D35B8F288486}.Debug|Any CPU.ActiveCfg = Debug|Any CPU
		{342B0C5E-0A45-1D22-5DF5-D35B8F288486}.Debug|Any CPU.Build.0 = Debug|Any CPU
		{342B0C5E-0A45-1D22-5DF5-D35B8F288486}.Release|Any CPU.ActiveCfg = Release|Any CPU
		{342B0C5E-0A45-1D22-5DF5-D35B8F288486}.Release|Any CPU.Build.0 = Release|Any CPU
		{ECD7F03D-071F-CB66-4683-1D9EF12A6E10}.Debug|Any CPU.ActiveCfg = Debug|Any CPU
		{ECD7F03D-071F-CB66-4683-1D9EF12A6E10}.Debug|Any CPU.Build.0 = Debug|Any CPU
		{ECD7F03D-071F-CB66-4683-1D9EF12A6E10}.Release|Any CPU.ActiveCfg = Release|Any CPU
		{ECD7F03D-071F-CB66-4683-1D9EF12A6E10}.Release|Any CPU.Build.0 = Release|Any CPU
	EndGlobalSection
	GlobalSection(SolutionProperties) = preSolution
		HideSolutionNode = FALSE
	EndGlobalSection
	GlobalSection(NestedProjects) = preSolution
		{5F9253F8-6A26-8541-9029-DED35F15FE22} = {71E6E750-85FD-B5BC-4321-E01377EC6231}
		{8B6FC033-46C7-804A-99CF-C53CDBBCCA47} = {5F9253F8-6A26-8541-9029-DED35F15FE22}
		{C99E3643-1DFD-D54A-5FE3-0FDA4EACE2B5} = {5F9253F8-6A26-8541-9029-DED35F15FE22}
		{13AACEBB-5F00-79C1-2D14-6EA8B5DDD1FE} = {71E6E750-85FD-B5BC-4321-E01377EC6231}
		{618EBB19-8112-9072-589F-E3165CB457FC} = {13AACEBB-5F00-79C1-2D14-6EA8B5DDD1FE}
		{C696C9D2-558B-2EE0-404B-B6CE80C13598} = {13AACEBB-5F00-79C1-2D14-6EA8B5DDD1FE}
		{D90AB541-7400-80B1-A0B4-F58D0D439F55} = {71E6E750-85FD-B5BC-4321-E01377EC6231}
		{204E4BBA-87D8-46B0-5D27-FD8345A1874F} = {D90AB541-7400-80B1-A0B4-F58D0D439F55}
		{E928DA3B-DADF-48B3-07B4-CAEAC4300C4F} = {D90AB541-7400-80B1-A0B4-F58D0D439F55}
		{7EED5E1F-68E0-C974-96BA-BB1459E3E658} = {D90AB541-7400-80B1-A0B4-F58D0D439F55}
		{342B0C5E-0A45-1D22-5DF5-D35B8F288486} = {D90AB541-7400-80B1-A0B4-F58D0D439F55}
		{ECD7F03D-071F-CB66-4683-1D9EF12A6E10} = {D90AB541-7400-80B1-A0B4-F58D0D439F55}
	EndGlobalSection
	GlobalSection(ExtensibilityGlobals) = postSolution
		SolutionGuid = {88E6E519-269E-4B8F-B1FC-DB73E61CD8BB}
	EndGlobalSection
EndGlobal
